# This file was autogenerated by uv via the following command:
#    uv pip compile pyproject.toml --extra all -o requirements-all.lock --python-version 3.13
agent-client-protocol==0.9.0
    # via hermes-agent (pyproject.toml)
aiofiles==24.1.0
    # via daytona
aiohappyeyeballs==2.6.1
    # via aiohttp
aiohttp==3.13.5
    # via
    #   hermes-agent (pyproject.toml)
    #   aiohttp-retry
    #   daytona-api-client-async
    #   daytona-toolbox-api-client-async
    #   dingtalk-stream
    #   discord-py
    #   edge-tts
    #   firecrawl-py
    #   modal
aiohttp-retry==2.9.1
    # via
    #   daytona-api-client-async
    #   daytona-toolbox-api-client-async
aiosignal==1.4.0
    # via aiohttp
annotated-doc==0.0.4
    # via typer
annotated-types==0.7.0
    # via pydantic
anthropic==0.94.0
    # via hermes-agent (pyproject.toml)
anyio==4.13.0
    # via
    #   anthropic
    #   httpx
    #   mcp
    #   openai
    #   parallel-web
    #   sse-starlette
    #   starlette
    #   watchfiles
attrs==26.1.0
    # via
    #   aiohttp
    #   jsonschema
    #   referencing
audioop-lts==0.2.2
    # via discord-py
av==17.0.0
    # via faster-whisper
cbor2==5.9.0
    # via modal
certifi==2026.2.25
    # via
    #   edge-tts
    #   httpcore
    #   httpx
    #   modal
    #   requests
cffi==2.0.0
    # via
    #   cryptography
    #   pynacl
    #   sounddevice
charset-normalizer==3.4.7
    # via requests
click==8.3.2
    # via
    #   modal
    #   typer
    #   uvicorn
croniter==6.2.2
    # via hermes-agent (pyproject.toml)
cryptography==46.0.7
    # via pyjwt
ctranslate2==4.7.1
    # via faster-whisper
davey==0.1.5
    # via discord-py
daytona==0.164.0
    # via hermes-agent (pyproject.toml)
daytona-api-client==0.164.0
    # via daytona
daytona-api-client-async==0.164.0
    # via daytona
daytona-toolbox-api-client==0.164.0
    # via daytona
daytona-toolbox-api-client-async==0.164.0
    # via daytona
debugpy==1.8.20
    # via hermes-agent (pyproject.toml)
deprecated==1.3.1
    # via daytona
dingtalk-stream==0.24.3
    # via hermes-agent (pyproject.toml)
discord-py==2.7.1
    # via hermes-agent (pyproject.toml)
distro==1.9.0
    # via
    #   anthropic
    #   openai
    #   parallel-web
docstring-parser==0.17.0
    # via anthropic
edge-tts==7.2.8
    # via hermes-agent (pyproject.toml)
elevenlabs==1.59.0
    # via hermes-agent (pyproject.toml)
eval-type-backport==0.3.1
    # via mistralai
exa-py==2.11.0
    # via hermes-agent (pyproject.toml)
execnet==2.1.2
    # via pytest-xdist
fal-client==0.13.2
    # via hermes-agent (pyproject.toml)
faster-whisper==1.2.1
    # via hermes-agent (pyproject.toml)
filelock==3.25.2
    # via huggingface-hub
fire==0.7.1
    # via hermes-agent (pyproject.toml)
firecrawl-py==4.22.1
    # via hermes-agent (pyproject.toml)
flatbuffers==25.12.19
    # via onnxruntime
frozenlist==1.8.0
    # via
    #   aiohttp
    #   aiosignal
fsspec==2026.3.0
    # via huggingface-hub
googleapis-common-protos==1.74.0
    # via opentelemetry-exporter-otlp-proto-http
grpclib==0.4.9
    # via modal
h11==0.16.0
    # via
    #   httpcore
    #   uvicorn
h2==4.3.0
    # via grpclib
hf-xet==1.4.3
    # via huggingface-hub
honcho-ai==2.1.1
    # via hermes-agent (pyproject.toml)
hpack==4.1.0
    # via h2
httpcore==1.0.9
    # via
    #   exa-py
    #   httpx
httpx==0.28.1
    # via
    #   hermes-agent (pyproject.toml)
    #   anthropic
    #   daytona
    #   elevenlabs
    #   exa-py
    #   fal-client
    #   firecrawl-py
    #   honcho-ai
    #   huggingface-hub
    #   lark-oapi
    #   mcp
    #   mistralai
    #   openai
    #   parallel-web
    #   python-telegram-bot
httpx-sse==0.4.3
    # via
    #   fal-client
    #   mcp
huggingface-hub==1.10.1
    # via
    #   faster-whisper
    #   tokenizers
hyperframe==6.1.0
    # via h2
idna==3.11
    # via
    #   anyio
    #   httpx
    #   requests
    #   yarl
importlib-metadata==8.7.1
    # via opentelemetry-api
iniconfig==2.3.0
    # via pytest
jinja2==3.1.6
    # via hermes-agent (pyproject.toml)
jiter==0.14.0
    # via
    #   anthropic
    #   openai
jsonpath-python==1.1.5
    # via mistralai
jsonschema==4.26.0
    # via mcp
jsonschema-specifications==2025.9.1
    # via jsonschema
lark-oapi==1.5.3
    # via hermes-agent (pyproject.toml)
markdown-it-py==4.0.0
    # via rich
markupsafe==3.0.3
    # via jinja2
mcp==1.27.0
    # via hermes-agent (pyproject.toml)
mdurl==0.1.2
    # via markdown-it-py
mistralai==2.3.2
    # via hermes-agent (pyproject.toml)
modal==1.4.1
    # via hermes-agent (pyproject.toml)
mpmath==1.3.0
    # via sympy
msgpack==1.1.2
    # via fal-client
multidict==6.7.1
    # via
    #   aiohttp
    #   grpclib
    #   yarl
nest-asyncio==1.6.0
    # via firecrawl-py
numpy==2.4.4
    # via
    #   hermes-agent (pyproject.toml)
    #   ctranslate2
    #   onnxruntime
obstore==0.8.2
    # via daytona
onnxruntime==1.24.4
    # via faster-whisper
openai==2.31.0
    # via
    #   hermes-agent (pyproject.toml)
    #   exa-py
opentelemetry-api==1.39.1
    # via
    #   daytona
    #   mistralai
    #   opentelemetry-exporter-otlp-proto-http
    #   opentelemetry-instrumentation
    #   opentelemetry-instrumentation-aiohttp-client
    #   opentelemetry-sdk
    #   opentelemetry-semantic-conventions
opentelemetry-exporter-otlp-proto-common==1.39.1
    # via opentelemetry-exporter-otlp-proto-http
opentelemetry-exporter-otlp-proto-http==1.39.1
    # via daytona
opentelemetry-instrumentation==0.60b1
    # via opentelemetry-instrumentation-aiohttp-client
opentelemetry-instrumentation-aiohttp-client==0.60b1
    # via daytona
opentelemetry-proto==1.39.1
    # via
    #   opentelemetry-exporter-otlp-proto-common
    #   opentelemetry-exporter-otlp-proto-http
opentelemetry-sdk==1.39.1
    # via
    #   daytona
    #   opentelemetry-exporter-otlp-proto-http
opentelemetry-semantic-conventions==0.60b1
    # via
    #   mistralai
    #   opentelemetry-instrumentation
    #   opentelemetry-instrumentation-aiohttp-client
    #   opentelemetry-sdk
opentelemetry-util-http==0.60b1
    # via opentelemetry-instrumentation-aiohttp-client
packaging==26.0
    # via
    #   huggingface-hub
    #   onnxruntime
    #   opentelemetry-instrumentation
    #   pytest
parallel-web==0.4.2
    # via hermes-agent (pyproject.toml)
pluggy==1.6.0
    # via pytest
prompt-toolkit==3.0.52
    # via hermes-agent (pyproject.toml)
propcache==0.4.1
    # via
    #   aiohttp
    #   yarl
protobuf==6.33.6
    # via
    #   googleapis-common-protos
    #   modal
    #   onnxruntime
    #   opentelemetry-proto
ptyprocess==0.7.0
    # via hermes-agent (pyproject.toml)
pycparser==3.0
    # via cffi
pycryptodome==3.23.0
    # via lark-oapi
pydantic==2.12.5
    # via
    #   hermes-agent (pyproject.toml)
    #   agent-client-protocol
    #   anthropic
    #   daytona
    #   daytona-api-client
    #   daytona-api-client-async
    #   daytona-toolbox-api-client
    #   daytona-toolbox-api-client-async
    #   elevenlabs
    #   exa-py
    #   firecrawl-py
    #   honcho-ai
    #   mcp
    #   mistralai
    #   openai
    #   parallel-web
    #   pydantic-settings
pydantic-core==2.41.5
    # via
    #   elevenlabs
    #   pydantic
pydantic-settings==2.13.1
    # via mcp
pygments==2.20.0
    # via
    #   pytest
    #   rich
pyjwt==2.12.1
    # via
    #   hermes-agent (pyproject.toml)
    #   mcp
pynacl==1.5.0
    # via discord-py
pytest==9.0.3
    # via
    #   hermes-agent (pyproject.toml)
    #   pytest-asyncio
    #   pytest-xdist
pytest-asyncio==1.3.0
    # via hermes-agent (pyproject.toml)
pytest-xdist==3.8.0
    # via hermes-agent (pyproject.toml)
python-dateutil==2.9.0.post0
    # via
    #   croniter
    #   daytona-api-client
    #   daytona-api-client-async
    #   daytona-toolbox-api-client
    #   daytona-toolbox-api-client-async
    #   mistralai
python-dotenv==1.2.2
    # via
    #   hermes-agent (pyproject.toml)
    #   daytona
    #   exa-py
    #   firecrawl-py
    #   pydantic-settings
python-multipart==0.0.26
    # via
    #   daytona
    #   mcp
python-telegram-bot==22.7
    # via hermes-agent (pyproject.toml)
pyyaml==6.0.3
    # via
    #   hermes-agent (pyproject.toml)
    #   ctranslate2
    #   huggingface-hub
referencing==0.37.0
    # via
    #   jsonschema
    #   jsonschema-specifications
requests==2.33.1
    # via
    #   hermes-agent (pyproject.toml)
    #   dingtalk-stream
    #   elevenlabs
    #   exa-py
    #   firecrawl-py
    #   lark-oapi
    #   opentelemetry-exporter-otlp-proto-http
    #   requests-toolbelt
requests-toolbelt==1.0.0
    # via lark-oapi
rich==14.3.4
    # via
    #   hermes-agent (pyproject.toml)
    #   modal
    #   typer
rpds-py==0.30.0
    # via
    #   jsonschema
    #   referencing
setuptools==82.0.1
    # via ctranslate2
shellingham==1.5.4
    # via typer
simple-term-menu==1.6.6
    # via hermes-agent (pyproject.toml)
six==1.17.0
    # via python-dateutil
slack-bolt==1.28.0
    # via hermes-agent (pyproject.toml)
slack-sdk==3.41.0
    # via
    #   hermes-agent (pyproject.toml)
    #   slack-bolt
sniffio==1.3.1
    # via
    #   anthropic
    #   openai
    #   parallel-web
sounddevice==0.5.5
    # via hermes-agent (pyproject.toml)
sse-starlette==3.3.4
    # via mcp
starlette==1.0.0
    # via
    #   mcp
    #   sse-starlette
sympy==1.14.0
    # via onnxruntime
synchronicity==0.12.2
    # via modal
tabulate==0.10.0
    # via edge-tts
tenacity==9.1.4
    # via hermes-agent (pyproject.toml)
termcolor==3.3.0
    # via fire
tokenizers==0.22.2
    # via faster-whisper
toml==0.10.2
    # via
    #   daytona
    #   modal
tornado==6.5.5
    # via python-telegram-bot
tqdm==4.67.3
    # via
    #   faster-whisper
    #   huggingface-hub
    #   openai
typer==0.24.1
    # via
    #   huggingface-hub
    #   modal
types-certifi==2021.10.8.3
    # via modal
types-toml==0.10.8.20260408
    # via modal
typing-extensions==4.15.0
    # via
    #   anthropic
    #   daytona-api-client
    #   daytona-api-client-async
    #   daytona-toolbox-api-client
    #   daytona-toolbox-api-client-async
    #   edge-tts
    #   elevenlabs
    #   exa-py
    #   huggingface-hub
    #   mcp
    #   modal
    #   openai
    #   opentelemetry-api
    #   opentelemetry-exporter-otlp-proto-http
    #   opentelemetry-sdk
    #   opentelemetry-semantic-conventions
    #   parallel-web
    #   pydantic
    #   pydantic-core
    #   synchronicity
    #   typing-inspection
typing-inspection==0.4.2
    # via
    #   mcp
    #   mistralai
    #   pydantic
    #   pydantic-settings
urllib3==2.6.3
    # via
    #   daytona
    #   daytona-api-client
    #   daytona-api-client-async
    #   daytona-toolbox-api-client
    #   daytona-toolbox-api-client-async
    #   requests
uvicorn==0.44.0
    # via mcp
watchfiles==1.1.1
    # via modal
wcwidth==0.6.0
    # via prompt-toolkit
websockets==15.0.1
    # via
    #   daytona
    #   dingtalk-stream
    #   elevenlabs
    #   fal-client
    #   firecrawl-py
    #   lark-oapi
wrapt==1.17.3
    # via
    #   deprecated
    #   opentelemetry-instrumentation
    #   opentelemetry-instrumentation-aiohttp-client
yarl==1.23.0
    # via aiohttp
zipp==3.23.0
    # via importlib-metadata
